// !$*UTF8*$!
{
	archiveVersion = 1;
	classes = {
	};
	objectVersion = 56;
	objects = {

/* Begin PBXBuildFile section */
		D602D6152CC0A75800B6E3AB /* SwipeView.swift in Sources */ = {isa = PBXBuildFile; fileRef = D602D6142CC0A75800B6E3AB /* SwipeView.swift */; };
		D63BF77A2CAB7C5600253205 /* Rogue.swift in Sources */ = {isa = PBXBuildFile; fileRef = D63BF7792CAB7C5600253205 /* Rogue.swift */; };
		D67235242C9032A3007363A5 /* PolymorphismApp.swift in Sources */ = {isa = PBXBuildFile; fileRef = D67235232C9032A3007363A5 /* PolymorphismApp.swift */; };
		D67235262C9032A3007363A5 /* ContentView.swift in Sources */ = {isa = PBXBuildFile; fileRef = D67235252C9032A3007363A5 /* ContentView.swift */; };
		D67235282C9032A3007363A5 /* Item.swift in Sources */ = {isa = PBXBuildFile; fileRef = D67235272C9032A3007363A5 /* Item.swift */; };
		D672352A2C9032A4007363A5 /* Assets.xcassets in Resources */ = {isa = PBXBuildFile; fileRef = D67235292C9032A4007363A5 /* Assets.xcassets */; };
		D672352D2C9032A4007363A5 /* Preview Assets.xcassets in Resources */ = {isa = PBXBuildFile; fileRef = D672352C2C9032A4007363A5 /* Preview Assets.xcassets */; };
		D67235702C9086B5007363A5 /* YounHaView.swift in Sources */ = {isa = PBXBuildFile; fileRef = D672356F2C9086B5007363A5 /* YounHaView.swift */; };
		D67235722C908711007363A5 /* Location.swift in Sources */ = {isa = PBXBuildFile; fileRef = D67235712C908711007363A5 /* Location.swift */; };
		D699DBE32CC0EA5700D938B3 /* EmptyCircleView.swift in Sources */ = {isa = PBXBuildFile; fileRef = D699DBE12CC0EA5700D938B3 /* EmptyCircleView.swift */; };
		D699DBE42CC0EA5700D938B3 /* PieStructure.swift in Sources */ = {isa = PBXBuildFile; fileRef = D699DBE22CC0EA5700D938B3 /* PieStructure.swift */; };
		D69ACB9B2CBFCAE70025DD41 /* EditSubjectView.swift in Sources */ = {isa = PBXBuildFile; fileRef = D69ACB9A2CBFCAE70025DD41 /* EditSubjectView.swift */; };
		D6ABE7F92CBC1A6D0080307F /* MapView.swift in Sources */ = {isa = PBXBuildFile; fileRef = D6ABE7F82CBC1A6D0080307F /* MapView.swift */; };
		D6ABE8042CBD180C0080307F /* RogueOne.swift in Sources */ = {isa = PBXBuildFile; fileRef = D6ABE8032CBD180C0080307F /* RogueOne.swift */; };
		D6ABE8082CBD4E850080307F /* OptionalView.swift in Sources */ = {isa = PBXBuildFile; fileRef = D6ABE8072CBD4E850080307F /* OptionalView.swift */; };
		D6ABE80D2CBEA2ED0080307F /* Color+Extension.swift in Sources */ = {isa = PBXBuildFile; fileRef = D6ABE80A2CBEA2ED0080307F /* Color+Extension.swift */; };
		D6ABE80E2CBEA2ED0080307F /* UIColor+Extension.swift in Sources */ = {isa = PBXBuildFile; fileRef = D6ABE80B2CBEA2ED0080307F /* UIColor+Extension.swift */; };
		D6ABE8102CBEBD400080307F /* PreviewContainer.swift in Sources */ = {isa = PBXBuildFile; fileRef = D6ABE80F2CBEBD400080307F /* PreviewContainer.swift */; };
		D6ABE8122CBEBD680080307F /* SubjectSamples.swift in Sources */ = {isa = PBXBuildFile; fileRef = D6ABE8112CBEBD680080307F /* SubjectSamples.swift */; };
		D6ABE8142CBEBEBE0080307F /* SubjectListView.swift in Sources */ = {isa = PBXBuildFile; fileRef = D6ABE8132CBEBEBE0080307F /* SubjectListView.swift */; };
		D6ABE8162CBF64450080307F /* NewSubjectView.swift in Sources */ = {isa = PBXBuildFile; fileRef = D6ABE8152CBF64450080307F /* NewSubjectView.swift */; };
		D6ABE8182CBF757C0080307F /* TimerDoneView.swift in Sources */ = {isa = PBXBuildFile; fileRef = D6ABE8172CBF757C0080307F /* TimerDoneView.swift */; };
		D6E01E372CA1385D0067EB90 /* Subject.swift in Sources */ = {isa = PBXBuildFile; fileRef = D6E01E362CA1385D0067EB90 /* Subject.swift */; };
		D6E01E392CA138650067EB90 /* Log.swift in Sources */ = {isa = PBXBuildFile; fileRef = D6E01E382CA138650067EB90 /* Log.swift */; };
/* End PBXBuildFile section */

/* Begin PBXFileReference section */
		D602D6142CC0A75800B6E3AB /* SwipeView.swift */ = {isa = PBXFileReference; lastKnownFileType = sourcecode.swift; path = SwipeView.swift; sourceTree = "<group>"; };
		D63BF7792CAB7C5600253205 /* Rogue.swift */ = {isa = PBXFileReference; fileEncoding = 4; lastKnownFileType = sourcecode.swift; path = Rogue.swift; sourceTree = "<group>"; };
		D67235202C9032A3007363A5 /* Polymorphism.app */ = {isa = PBXFileReference; explicitFileType = wrapper.application; includeInIndex = 0; path = Polymorphism.app; sourceTree = BUILT_PRODUCTS_DIR; };
		D67235232C9032A3007363A5 /* PolymorphismApp.swift */ = {isa = PBXFileReference; lastKnownFileType = sourcecode.swift; path = PolymorphismApp.swift; sourceTree = "<group>"; };
		D67235252C9032A3007363A5 /* ContentView.swift */ = {isa = PBXFileReference; lastKnownFileType = sourcecode.swift; path = ContentView.swift; sourceTree = "<group>"; };
		D67235272C9032A3007363A5 /* Item.swift */ = {isa = PBXFileReference; lastKnownFileType = sourcecode.swift; path = Item.swift; sourceTree = "<group>"; };
		D67235292C9032A4007363A5 /* Assets.xcassets */ = {isa = PBXFileReference; lastKnownFileType = folder.assetcatalog; path = Assets.xcassets; sourceTree = "<group>"; };
		D672352C2C9032A4007363A5 /* Preview Assets.xcassets */ = {isa = PBXFileReference; lastKnownFileType = folder.assetcatalog; path = "Preview Assets.xcassets"; sourceTree = "<group>"; };
		D672356F2C9086B5007363A5 /* YounHaView.swift */ = {isa = PBXFileReference; lastKnownFileType = sourcecode.swift; path = YounHaView.swift; sourceTree = "<group>"; };
		D67235712C908711007363A5 /* Location.swift */ = {isa = PBXFileReference; lastKnownFileType = sourcecode.swift; path = Location.swift; sourceTree = "<group>"; };
		D699DBE12CC0EA5700D938B3 /* EmptyCircleView.swift */ = {isa = PBXFileReference; fileEncoding = 4; lastKnownFileType = sourcecode.swift; path = EmptyCircleView.swift; sourceTree = "<group>"; };
		D699DBE22CC0EA5700D938B3 /* PieStructure.swift */ = {isa = PBXFileReference; fileEncoding = 4; lastKnownFileType = sourcecode.swift; path = PieStructure.swift; sourceTree = "<group>"; };
		D69ACB9A2CBFCAE70025DD41 /* EditSubjectView.swift */ = {isa = PBXFileReference; lastKnownFileType = sourcecode.swift; path = EditSubjectView.swift; sourceTree = "<group>"; };
		D6ABE7F82CBC1A6D0080307F /* MapView.swift */ = {isa = PBXFileReference; lastKnownFileType = sourcecode.swift; path = MapView.swift; sourceTree = "<group>"; };
		D6ABE8032CBD180C0080307F /* RogueOne.swift */ = {isa = PBXFileReference; lastKnownFileType = sourcecode.swift; path = RogueOne.swift; sourceTree = "<group>"; };
		D6ABE8072CBD4E850080307F /* OptionalView.swift */ = {isa = PBXFileReference; lastKnownFileType = sourcecode.swift; path = OptionalView.swift; sourceTree = "<group>"; };
		D6ABE80A2CBEA2ED0080307F /* Color+Extension.swift */ = {isa = PBXFileReference; fileEncoding = 4; lastKnownFileType = sourcecode.swift; path = "Color+Extension.swift"; sourceTree = "<group>"; };
		D6ABE80B2CBEA2ED0080307F /* UIColor+Extension.swift */ = {isa = PBXFileReference; fileEncoding = 4; lastKnownFileType = sourcecode.swift; path = "UIColor+Extension.swift"; sourceTree = "<group>"; };
		D6ABE80F2CBEBD400080307F /* PreviewContainer.swift */ = {isa = PBXFileReference; lastKnownFileType = sourcecode.swift; path = PreviewContainer.swift; sourceTree = "<group>"; };
		D6ABE8112CBEBD680080307F /* SubjectSamples.swift */ = {isa = PBXFileReference; lastKnownFileType = sourcecode.swift; path = SubjectSamples.swift; sourceTree = "<group>"; };
		D6ABE8132CBEBEBE0080307F /* SubjectListView.swift */ = {isa = PBXFileReference; lastKnownFileType = sourcecode.swift; path = SubjectListView.swift; sourceTree = "<group>"; };
		D6ABE8152CBF64450080307F /* NewSubjectView.swift */ = {isa = PBXFileReference; lastKnownFileType = sourcecode.swift; path = NewSubjectView.swift; sourceTree = "<group>"; };
		D6ABE8172CBF757C0080307F /* TimerDoneView.swift */ = {isa = PBXFileReference; lastKnownFileType = sourcecode.swift; path = TimerDoneView.swift; sourceTree = "<group>"; };
		D6E01E362CA1385D0067EB90 /* Subject.swift */ = {isa = PBXFileReference; lastKnownFileType = sourcecode.swift; path = Subject.swift; sourceTree = "<group>"; };
		D6E01E382CA138650067EB90 /* Log.swift */ = {isa = PBXFileReference; lastKnownFileType = sourcecode.swift; path = Log.swift; sourceTree = "<group>"; };
/* End PBXFileReference section */

/* Begin PBXFrameworksBuildPhase section */
		D672351D2C9032A3007363A5 /* Frameworks */ = {
			isa = PBXFrameworksBuildPhase;
			buildActionMask = 2147483647;
			files = (
			);
			runOnlyForDeploymentPostprocessing = 0;
		};
/* End PBXFrameworksBuildPhase section */

/* Begin PBXGroup section */
		D67235172C9032A3007363A5 = {
			isa = PBXGroup;
			children = (
				D67235222C9032A3007363A5 /* Polymorphism */,
				D67235212C9032A3007363A5 /* Products */,
			);
			sourceTree = "<group>";
		};
		D67235212C9032A3007363A5 /* Products */ = {
			isa = PBXGroup;
			children = (
				D67235202C9032A3007363A5 /* Polymorphism.app */,
			);
			name = Products;
			sourceTree = "<group>";
		};
		D67235222C9032A3007363A5 /* Polymorphism */ = {
			isa = PBXGroup;
			children = (
				D69ACB9A2CBFCAE70025DD41 /* EditSubjectView.swift */,
				D67235232C9032A3007363A5 /* PolymorphismApp.swift */,
				D6ABE8172CBF757C0080307F /* TimerDoneView.swift */,
				D602D6142CC0A75800B6E3AB /* SwipeView.swift */,
				D67235252C9032A3007363A5 /* ContentView.swift */,
				D672356F2C9086B5007363A5 /* YounHaView.swift */,
				D6ABE7F82CBC1A6D0080307F /* MapView.swift */,
				D6ABE8152CBF64450080307F /* NewSubjectView.swift */,
				D6ABE8132CBEBEBE0080307F /* SubjectListView.swift */,
				D6ABE8072CBD4E850080307F /* OptionalView.swift */,
				D699DBE52CC0EA6C00D938B3 /* ImportedBabies */,
				D6ABE81A2CBF75C90080307F /* Models */,
				D6ABE80C2CBEA2ED0080307F /* Extensions */,
				D67235292C9032A4007363A5 /* Assets.xcassets */,
				D672352B2C9032A4007363A5 /* Preview Content */,
			);
			path = Polymorphism;
			sourceTree = "<group>";
		};
		D672352B2C9032A4007363A5 /* Preview Content */ = {
			isa = PBXGroup;
			children = (
				D672352C2C9032A4007363A5 /* Preview Assets.xcassets */,
				D6ABE80F2CBEBD400080307F /* PreviewContainer.swift */,
				D6ABE8112CBEBD680080307F /* SubjectSamples.swift */,
			);
			path = "Preview Content";
			sourceTree = "<group>";
		};
		D699DBE52CC0EA6C00D938B3 /* ImportedBabies */ = {
			isa = PBXGroup;
			children = (
				D699DBE12CC0EA5700D938B3 /* EmptyCircleView.swift */,
				D699DBE22CC0EA5700D938B3 /* PieStructure.swift */,
			);
			path = ImportedBabies;
			sourceTree = "<group>";
		};
		D6ABE80C2CBEA2ED0080307F /* Extensions */ = {
			isa = PBXGroup;
			children = (
				D6ABE80A2CBEA2ED0080307F /* Color+Extension.swift */,
				D6ABE80B2CBEA2ED0080307F /* UIColor+Extension.swift */,
			);
			path = Extensions;
			sourceTree = "<group>";
		};
		D6ABE81A2CBF75C90080307F /* Models */ = {
			isa = PBXGroup;
			children = (
				D67235272C9032A3007363A5 /* Item.swift */,
				D6E01E362CA1385D0067EB90 /* Subject.swift */,
				D6E01E382CA138650067EB90 /* Log.swift */,
				D63BF7792CAB7C5600253205 /* Rogue.swift */,
				D6ABE8032CBD180C0080307F /* RogueOne.swift */,
				D67235712C908711007363A5 /* Location.swift */,
			);
			path = Models;
			sourceTree = "<group>";
		};
/* End PBXGroup section */

/* Begin PBXNativeTarget section */
		D672351F2C9032A3007363A5 /* Polymorphism */ = {
			isa = PBXNativeTarget;
			buildConfigurationList = D67235302C9032A4007363A5 /* Build configuration list for PBXNativeTarget "Polymorphism" */;
			buildPhases = (
				D672351C2C9032A3007363A5 /* Sources */,
				D672351D2C9032A3007363A5 /* Frameworks */,
				D672351E2C9032A3007363A5 /* Resources */,
			);
			buildRules = (
			);
			dependencies = (
			);
			name = Polymorphism;
			productName = Polymorphism;
			productReference = D67235202C9032A3007363A5 /* Polymorphism.app */;
			productType = "com.apple.product-type.application";
		};
/* End PBXNativeTarget section */

/* Begin PBXProject section */
		D67235182C9032A3007363A5 /* Project object */ = {
			isa = PBXProject;
			attributes = {
				BuildIndependentTargetsInParallel = 1;
				LastSwiftUpdateCheck = 1540;
				LastUpgradeCheck = 1540;
				TargetAttributes = {
					D672351F2C9032A3007363A5 = {
						CreatedOnToolsVersion = 15.4;
					};
				};
			};
			buildConfigurationList = D672351B2C9032A3007363A5 /* Build configuration list for PBXProject "Polymorphism" */;
			compatibilityVersion = "Xcode 14.0";
			developmentRegion = en;
			hasScannedForEncodings = 0;
			knownRegions = (
				en,
				Base,
			);
			mainGroup = D67235172C9032A3007363A5;
			productRefGroup = D67235212C9032A3007363A5 /* Products */;
			projectDirPath = "";
			projectRoot = "";
			targets = (
				D672351F2C9032A3007363A5 /* Polymorphism */,
			);
		};
/* End PBXProject section */

/* Begin PBXResourcesBuildPhase section */
		D672351E2C9032A3007363A5 /* Resources */ = {
			isa = PBXResourcesBuildPhase;
			buildActionMask = 2147483647;
			files = (
				D672352D2C9032A4007363A5 /* Preview Assets.xcassets in Resources */,
				D672352A2C9032A4007363A5 /* Assets.xcassets in Resources */,
			);
			runOnlyForDeploymentPostprocessing = 0;
		};
/* End PBXResourcesBuildPhase section */

/* Begin PBXSourcesBuildPhase section */
		D672351C2C9032A3007363A5 /* Sources */ = {
			isa = PBXSourcesBuildPhase;
			buildActionMask = 2147483647;
			files = (
				D6ABE8122CBEBD680080307F /* SubjectSamples.swift in Sources */,
				D699DBE32CC0EA5700D938B3 /* EmptyCircleView.swift in Sources */,
				D6ABE8162CBF64450080307F /* NewSubjectView.swift in Sources */,
				D63BF77A2CAB7C5600253205 /* Rogue.swift in Sources */,
				D6ABE8042CBD180C0080307F /* RogueOne.swift in Sources */,
				D6ABE8182CBF757C0080307F /* TimerDoneView.swift in Sources */,
				D67235262C9032A3007363A5 /* ContentView.swift in Sources */,
				D6E01E392CA138650067EB90 /* Log.swift in Sources */,
				D67235282C9032A3007363A5 /* Item.swift in Sources */,
				D67235722C908711007363A5 /* Location.swift in Sources */,
				D699DBE42CC0EA5700D938B3 /* PieStructure.swift in Sources */,
				D6ABE8142CBEBEBE0080307F /* SubjectListView.swift in Sources */,
				D69ACB9B2CBFCAE70025DD41 /* EditSubjectView.swift in Sources */,
				D67235702C9086B5007363A5 /* YounHaView.swift in Sources */,
				D6ABE80D2CBEA2ED0080307F /* Color+Extension.swift in Sources */,
				D602D6152CC0A75800B6E3AB /* SwipeView.swift in Sources */,
				D6E01E372CA1385D0067EB90 /* Subject.swift in Sources */,
				D6ABE7F92CBC1A6D0080307F /* MapView.swift in Sources */,
				D6ABE80E2CBEA2ED0080307F /* UIColor+Extension.swift in Sources */,
				D67235242C9032A3007363A5 /* PolymorphismApp.swift in Sources */,
				D6ABE8102CBEBD400080307F /* PreviewContainer.swift in Sources */,
				D6ABE8082CBD4E850080307F /* OptionalView.swift in Sources */,
			);
			runOnlyForDeploymentPostprocessing = 0;
		};
/* End PBXSourcesBuildPhase section */

/* Begin XCBuildConfiguration section */
		D672352E2C9032A4007363A5 /* Debug */ = {
			isa = XCBuildConfiguration;
			buildSettings = {
				ALWAYS_SEARCH_USER_PATHS = NO;
				ASSETCATALOG_COMPILER_GENERATE_SWIFT_ASSET_SYMBOL_EXTENSIONS = YES;
				CLANG_ANALYZER_NONNULL = YES;
				CLANG_ANALYZER_NUMBER_OBJECT_CONVERSION = YES_AGGRESSIVE;
				CLANG_CXX_LANGUAGE_STANDARD = "gnu++20";
				CLANG_ENABLE_MODULES = YES;
				CLANG_ENABLE_OBJC_ARC = YES;
				CLANG_ENABLE_OBJC_WEAK = YES;
				CLANG_WARN_BLOCK_CAPTURE_AUTORELEASING = YES;
				CLANG_WARN_BOOL_CONVERSION = YES;
				CLANG_WARN_COMMA = YES;
				CLANG_WARN_CONSTANT_CONVERSION = YES;
				CLANG_WARN_DEPRECATED_OBJC_IMPLEMENTATIONS = YES;
				CLANG_WARN_DIRECT_OBJC_ISA_USAGE = YES_ERROR;
				CLANG_WARN_DOCUMENTATION_COMMENTS = YES;
				CLANG_WARN_EMPTY_BODY = YES;
				CLANG_WARN_ENUM_CONVERSION = YES;
				CLANG_WARN_INFINITE_RECURSION = YES;
				CLANG_WARN_INT_CONVERSION = YES;
				CLANG_WARN_NON_LITERAL_NULL_CONVERSION = YES;
				CLANG_WARN_OBJC_IMPLICIT_RETAIN_SELF = YES;
				CLANG_WARN_OBJC_LITERAL_CONVERSION = YES;
				CLANG_WARN_OBJC_ROOT_CLASS = YES_ERROR;
				CLANG_WARN_QUOTED_INCLUDE_IN_FRAMEWORK_HEADER = YES;
				CLANG_WARN_RANGE_LOOP_ANALYSIS = YES;
				CLANG_WARN_STRICT_PROTOTYPES = YES;
				CLANG_WARN_SUSPICIOUS_MOVE = YES;
				CLANG_WARN_UNGUARDED_AVAILABILITY = YES_AGGRESSIVE;
				CLANG_WARN_UNREACHABLE_CODE = YES;
				CLANG_WARN__DUPLICATE_METHOD_MATCH = YES;
				COPY_PHASE_STRIP = NO;
				DEBUG_INFORMATION_FORMAT = dwarf;
				ENABLE_STRICT_OBJC_MSGSEND = YES;
				ENABLE_TESTABILITY = YES;
				ENABLE_USER_SCRIPT_SANDBOXING = YES;
				GCC_C_LANGUAGE_STANDARD = gnu17;
				GCC_DYNAMIC_NO_PIC = NO;
				GCC_NO_COMMON_BLOCKS = YES;
				GCC_OPTIMIZATION_LEVEL = 0;
				GCC_PREPROCESSOR_DEFINITIONS = (
					"DEBUG=1",
					"$(inherited)",
				);
				GCC_WARN_64_TO_32_BIT_CONVERSION = YES;
				GCC_WARN_ABOUT_RETURN_TYPE = YES_ERROR;
				GCC_WARN_UNDECLARED_SELECTOR = YES;
				GCC_WARN_UNINITIALIZED_AUTOS = YES_AGGRESSIVE;
				GCC_WARN_UNUSED_FUNCTION = YES;
				GCC_WARN_UNUSED_VARIABLE = YES;
				IPHONEOS_DEPLOYMENT_TARGET = 17.5;
				LOCALIZATION_PREFERS_STRING_CATALOGS = YES;
				MTL_ENABLE_DEBUG_INFO = INCLUDE_SOURCE;
				MTL_FAST_MATH = YES;
				ONLY_ACTIVE_ARCH = YES;
				SDKROOT = iphoneos;
				SWIFT_ACTIVE_COMPILATION_CONDITIONS = "DEBUG $(inherited)";
				SWIFT_OPTIMIZATION_LEVEL = "-Onone";
			};
			name = Debug;
		};
		D672352F2C9032A4007363A5 /* Release */ = {
			isa = XCBuildConfiguration;
			buildSettings = {
				ALWAYS_SEARCH_USER_PATHS = NO;
				ASSETCATALOG_COMPILER_GENERATE_SWIFT_ASSET_SYMBOL_EXTENSIONS = YES;
				CLANG_ANALYZER_NONNULL = YES;
				CLANG_ANALYZER_NUMBER_OBJECT_CONVERSION = YES_AGGRESSIVE;
				CLANG_CXX_LANGUAGE_STANDARD = "gnu++20";
				CLANG_ENABLE_MODULES = YES;
				CLANG_ENABLE_OBJC_ARC = YES;
				CLANG_ENABLE_OBJC_WEAK = YES;
				CLANG_WARN_BLOCK_CAPTURE_AUTORELEASING = YES;
				CLANG_WARN_BOOL_CONVERSION = YES;
				CLANG_WARN_COMMA = YES;
				CLANG_WARN_CONSTANT_CONVERSION = YES;
				CLANG_WARN_DEPRECATED_OBJC_IMPLEMENTATIONS = YES;
				CLANG_WARN_DIRECT_OBJC_ISA_USAGE = YES_ERROR;
				CLANG_WARN_DOCUMENTATION_COMMENTS = YES;
				CLANG_WARN_EMPTY_BODY = YES;
				CLANG_WARN_ENUM_CONVERSION = YES;
				CLANG_WARN_INFINITE_RECURSION = YES;
				CLANG_WARN_INT_CONVERSION = YES;
				CLANG_WARN_NON_LITERAL_NULL_CONVERSION = YES;
				CLANG_WARN_OBJC_IMPLICIT_RETAIN_SELF = YES;
				CLANG_WARN_OBJC_LITERAL_CONVERSION = YES;
				CLANG_WARN_OBJC_ROOT_CLASS = YES_ERROR;
				CLANG_WARN_QUOTED_INCLUDE_IN_FRAMEWORK_HEADER = YES;
				CLANG_WARN_RANGE_LOOP_ANALYSIS = YES;
				CLANG_WARN_STRICT_PROTOTYPES = YES;
				CLANG_WARN_SUSPICIOUS_MOVE = YES;
				CLANG_WARN_UNGUARDED_AVAILABILITY = YES_AGGRESSIVE;
				CLANG_WARN_UNREACHABLE_CODE = YES;
				CLANG_WARN__DUPLICATE_METHOD_MATCH = YES;
				COPY_PHASE_STRIP = NO;
				DEBUG_INFORMATION_FORMAT = "dwarf-with-dsym";
				ENABLE_NS_ASSERTIONS = NO;
				ENABLE_STRICT_OBJC_MSGSEND = YES;
				ENABLE_USER_SCRIPT_SANDBOXING = YES;
				GCC_C_LANGUAGE_STANDARD = gnu17;
				GCC_NO_COMMON_BLOCKS = YES;
				GCC_WARN_64_TO_32_BIT_CONVERSION = YES;
				GCC_WARN_ABOUT_RETURN_TYPE = YES_ERROR;
				GCC_WARN_UNDECLARED_SELECTOR = YES;
				GCC_WARN_UNINITIALIZED_AUTOS = YES_AGGRESSIVE;
				GCC_WARN_UNUSED_FUNCTION = YES;
				GCC_WARN_UNUSED_VARIABLE = YES;
				IPHONEOS_DEPLOYMENT_TARGET = 17.5;
				LOCALIZATION_PREFERS_STRING_CATALOGS = YES;
				MTL_ENABLE_DEBUG_INFO = NO;
				MTL_FAST_MATH = YES;
				SDKROOT = iphoneos;
				SWIFT_COMPILATION_MODE = wholemodule;
				VALIDATE_PRODUCT = YES;
			};
			name = Release;
		};
		D67235312C9032A4007363A5 /* Debug */ = {
			isa = XCBuildConfiguration;
			buildSettings = {
				ASSETCATALOG_COMPILER_APPICON_NAME = AppIcon;
				ASSETCATALOG_COMPILER_GLOBAL_ACCENT_COLOR_NAME = AccentColor;
				CODE_SIGN_STYLE = Automatic;
				CURRENT_PROJECT_VERSION = 1;
				DEVELOPMENT_ASSET_PATHS = "\"Polymorphism/Preview Content\"";
				DEVELOPMENT_TEAM = Q89MF97WT7;
				ENABLE_PREVIEWS = YES;
				GENERATE_INFOPLIST_FILE = YES;
				INFOPLIST_KEY_LSApplicationCategoryType = "";
				INFOPLIST_KEY_NSLocationWhenInUseUsageDescription = "Helpme Please";
				INFOPLIST_KEY_UIApplicationSceneManifest_Generation = YES;
				INFOPLIST_KEY_UIApplicationSupportsIndirectInputEvents = YES;
				INFOPLIST_KEY_UILaunchScreen_Generation = YES;
				INFOPLIST_KEY_UISupportedInterfaceOrientations_iPad = "UIInterfaceOrientationPortrait UIInterfaceOrientationPortraitUpsideDown UIInterfaceOrientationLandscapeLeft UIInterfaceOrientationLandscapeRight";
				INFOPLIST_KEY_UISupportedInterfaceOrientations_iPhone = "UIInterfaceOrientationPortrait UIInterfaceOrientationLandscapeLeft UIInterfaceOrientationLandscapeRight";
				LD_RUNPATH_SEARCH_PATHS = (
					"$(inherited)",
					"@executable_path/Frameworks",
				);
				MARKETING_VERSION = 1.0;
				PRODUCT_BUNDLE_IDENTIFIER = Omelette.Polymorphism;
				PRODUCT_NAME = "$(TARGET_NAME)";
				SWIFT_EMIT_LOC_STRINGS = YES;
				SWIFT_VERSION = 5.0;
				TARGETED_DEVICE_FAMILY = "1,2";
			};
			name = Debug;
		};
		D67235322C9032A4007363A5 /* Release */ = {
			isa = XCBuildConfiguration;
			buildSettings = {
				ASSETCATALOG_COMPILER_APPICON_NAME = AppIcon;
				ASSETCATALOG_COMPILER_GLOBAL_ACCENT_COLOR_NAME = AccentColor;
				CODE_SIGN_STYLE = Automatic;
				CURRENT_PROJECT_VERSION = 1;
				DEVELOPMENT_ASSET_PATHS = "\"Polymorphism/Preview Content\"";
				DEVELOPMENT_TEAM = Q89MF97WT7;
				ENABLE_PREVIEWS = YES;
				GENERATE_INFOPLIST_FILE = YES;
				INFOPLIST_KEY_LSApplicationCategoryType = "";
				INFOPLIST_KEY_NSLocationWhenInUseUsageDescription = "Helpme Please";
				INFOPLIST_KEY_UIApplicationSceneManifest_Generation = YES;
				INFOPLIST_KEY_UIApplicationSupportsIndirectInputEvents = YES;
				INFOPLIST_KEY_UILaunchScreen_Generation = YES;
				INFOPLIST_KEY_UISupportedInterfaceOrientations_iPad = "UIInterfaceOrientationPortrait UIInterfaceOrientationPortraitUpsideDown UIInterfaceOrientationLandscapeLeft UIInterfaceOrientationLandscapeRight";
				INFOPLIST_KEY_UISupportedInterfaceOrientations_iPhone = "UIInterfaceOrientationPortrait UIInterfaceOrientationLandscapeLeft UIInterfaceOrientationLandscapeRight";
				LD_RUNPATH_SEARCH_PATHS = (
					"$(inherited)",
					"@executable_path/Frameworks",
				);
				MARKETING_VERSION = 1.0;
				PRODUCT_BUNDLE_IDENTIFIER = Omelette.Polymorphism;
				PRODUCT_NAME = "$(TARGET_NAME)";
				SWIFT_EMIT_LOC_STRINGS = YES;
				SWIFT_VERSION = 5.0;
				TARGETED_DEVICE_FAMILY = "1,2";
			};
			name = Release;
		};
/* End XCBuildConfiguration section */

/* Begin XCConfigurationList section */
		D672351B2C9032A3007363A5 /* Build configuration list for PBXProject "Polymorphism" */ = {
			isa = XCConfigurationList;
			buildConfigurations = (
				D672352E2C9032A4007363A5 /* Debug */,
				D672352F2C9032A4007363A5 /* Release */,
			);
			defaultConfigurationIsVisible = 0;
			defaultConfigurationName = Release;
		};
		D67235302C9032A4007363A5 /* Build configuration list for PBXNativeTarget "Polymorphism" */ = {
			isa = XCConfigurationList;
			buildConfigurations = (
				D67235312C9032A4007363A5 /* Debug */,
				D67235322C9032A4007363A5 /* Release */,
			);
			defaultConfigurationIsVisible = 0;
			defaultConfigurationName = Release;
		};
/* End XCConfigurationList section */
	};
	rootObject = D67235182C9032A3007363A5 /* Project object */;
}
